c2sp.org/CCTV/age v0.0.0-20260829155415-4448f2097b2d h1:Blprhc2SbChNZtWcU+BLTM4YdoqYAS9V7cJgOwJKyAs=
c2sp.org/CCTV/age v0.0.0-20260829155415-4448f2097b2d/go.mod h1:SrHC2C7r5GkDk8R+NFVzYy/sdj0Ypg9htaPXQq5Cqeo=
filippo.io/age v1.3.2 h1:r6RSZLFSMm6rzKepZ7ZAYkKCu14f3/Me8c7uKYh7C8c=
filippo.io/age v1.3.2/go.mod h1:TH/Yr2sSRhCKbaH4XPxpUV0Us8Gv6txYUpiZQWz8Evk=
filippo.io/hpke v0.4.0 h1:p575VVQ6ted4pL+it6M00V/f2qTZITO0zgmdKCkd5+A=
filippo.io/hpke v0.4.0/go.mod h1:EmAN849/P3qdeK+PCMkDpDm83vRHM5cDipBJ8xbQLVY=
github.com/coalaura/atom v0.1.0 h1:SIDBPkN/yIs9mmj9mTyDLjTkL6RLs+Ayv6NAMiUvSNE=
github.com/coalaura/atom v0.1.0/go.mod h1:7pDe9uBEj3+qeHhpGdpvlvRp0JR17sEAZdAW+8vhc9M=
github.com/coalaura/plain v1.5.3 h1:gjIN6IaAk9hb6DhrLz8ZzsiCWpUZqf2fJwWhn/Upacs=
github.com/coalaura/plain v1.5.3/go.mod h1:bwJF5y4zwQjY7rTJFHHLPsXxDVCy0N+66fsLNYLYd6Q=
github.com/coalaura/scfg v0.2.1 h1:I97PvxpxlKPPwbJs/qJHnQmtzJXlFksN3KwHTtQv3xQ=
github.com/coalaura/scfg v0.2.1/go.mod h1:c86VvWqg5rNcB9zxlWsCScBVvI24T3D0Sv5/NmtKxDg=
github.com/felixge/httpsnoop v1.1.0 h1:3YtUj32ZZkqZtt3sZZsClsymw/QDuVfpNhoA31zeORc=
github.com/felixge/httpsnoop v1.1.0/go.mod h1:Zqxgdd+1Rkcz8euOqdr7lqgCRJztwr5hp9vDSi5UZCE=
github.com/goccy/go-yaml v1.19.2 h1:PmFC1S6h8ljIz6gMRBopkjP1TVT7xuwrButHID66PoM=
github.com/goccy/go-yaml v1.19.2/go.mod h1:XBurs7gK8ATbW4ZPGKgcbrY1Br56PdM69F7LkFRi1kA=
golang.org/x/crypto v0.56.0 h1:GUh5Ii4J5jtcseSMiRqr1jXCNHoxjeV9Fmekc2oLy6Y=
golang.org/x/crypto v0.56.0/go.mod h1:OMW5y6CY9l38uPLmxU6l6pwcXp1obtLo3e6gT7gQR2I=
golang.org/x/sys v0.48.0 h1:bbX/i/6MgT9BVLM9RT1thmxL04yeTAhbEz4SyadbXoo=
golang.org/x/sys v0.48.0/go.mod h1:hNLxWAXmnKAxqDtdwIYC4bM9oQPEecfsnNMuSxOs3og=
golang.org/x/term v0.46.0 h1:3+OXuTbaKDgwk8jTi3aSLHRlmWqHEUDUtxnbFigO4YE=
golang.org/x/term v0.46.0/go.mod h1:+K02xbkittuwc0Am4abfA3Fc+XRGXkvBXNO88NCXPoc=
